// !$*UTF8*$!
{
	archiveVersion = 1;
	classes = {
	};
	objectVersion = 56;
	objects = {

/* Begin PBXBuildFile section */
		86A5966F2ACC1FD500A0990B /* Launch Screen.storyboard in Resources */ = {isa = PBXBuildFile; fileRef = 86A5966E2ACC1FD500A0990B /* Launch Screen.storyboard */; };
		86A596712ACC244800A0990B /* CardView.swift in Sources */ = {isa = PBXBuildFile; fileRef = 86A596702ACC244700A0990B /* CardView.swift */; };
		86A596732ACC30FB00A0990B /* CardModel.swift in Sources */ = {isa = PBXBuildFile; fileRef = 86A596722ACC30FB00A0990B /* CardModel.swift */; };
		86A596752ACC338000A0990B /* CardData.swift in Sources */ = {isa = PBXBuildFile; fileRef = 86A596742ACC338000A0990B /* CardData.swift */; };
		86A596772ACC3A8D00A0990B /* PlaySound.swift in Sources */ = {isa = PBXBuildFile; fileRef = 86A596762ACC3A8D00A0990B /* PlaySound.swift */; };
		86A596792ACC3D9400A0990B /* sound-chime.mp3 in Resources */ = {isa = PBXBuildFile; fileRef = 86A596782ACC3D9400A0990B /* sound-chime.mp3 */; };
		86A5997F2ACAA3F300912CB3 /* Learn_by_DoingApp.swift in Sources */ = {isa = PBXBuildFile; fileRef = 86A5997E2ACAA3F300912CB3 /* Learn_by_DoingApp.swift */; };
		86A599812ACAA3F300912CB3 /* ContentView.swift in Sources */ = {isa = PBXBuildFile; fileRef = 86A599802ACAA3F300912CB3 /* ContentView.swift */; };
		86A599832ACAA3F500912CB3 /* Assets.xcassets in Resources */ = {isa = PBXBuildFile; fileRef = 86A599822ACAA3F500912CB3 /* Assets.xcassets */; };
		86A599862ACAA3F500912CB3 /* Preview Assets.xcassets in Resources */ = {isa = PBXBuildFile; fileRef = 86A599852ACAA3F500912CB3 /* Preview Assets.xcassets */; };
		86D5687A2ACC8A100051913D /* Stickers.xcassets in Resources */ = {isa = PBXBuildFile; fileRef = 86D568792ACC8A100051913D /* Stickers.xcassets */; };
		86D5687E2ACC8A100051913D /* stickers.appex in Embed Foundation Extensions */ = {isa = PBXBuildFile; fileRef = 86D568772ACC8A0F0051913D /* stickers.appex */; settings = {ATTRIBUTES = (RemoveHeadersOnCopy, ); }; };
/* End PBXBuildFile section */

/* Begin PBXContainerItemProxy section */
		86D5687C2ACC8A100051913D /* PBXContainerItemProxy */ = {
			isa = PBXContainerItemProxy;
			containerPortal = 86A599732ACAA3F300912CB3 /* Project object */;
			proxyType = 1;
			remoteGlobalIDString = 86D568762ACC8A0F0051913D;
			remoteInfo = stickers;
		};
/* End PBXContainerItemProxy section */

/* Begin PBXCopyFilesBuildPhase section */
		86AAA65F2ACC7BD600EBB5A1 /* Embed Foundation Extensions */ = {
			isa = PBXCopyFilesBuildPhase;
			buildActionMask = 2147483647;
			dstPath = "";
			dstSubfolderSpec = 13;
			files = (
				86D5687E2ACC8A100051913D /* stickers.appex in Embed Foundation Extensions */,
			);
			name = "Embed Foundation Extensions";
			runOnlyForDeploymentPostprocessing = 0;
		};
/* End PBXCopyFilesBuildPhase section */

/* Begin PBXFileReference section */
		86A5966E2ACC1FD500A0990B /* Launch Screen.storyboard */ = {isa = PBXFileReference; lastKnownFileType = file.storyboard; path = "Launch Screen.storyboard"; sourceTree = "<group>"; };
		86A596702ACC244700A0990B /* CardView.swift */ = {isa = PBXFileReference; lastKnownFileType = sourcecode.swift; path = CardView.swift; sourceTree = "<group>"; };
		86A596722ACC30FB00A0990B /* CardModel.swift */ = {isa = PBXFileReference; lastKnownFileType = sourcecode.swift; path = CardModel.swift; sourceTree = "<group>"; };
		86A596742ACC338000A0990B /* CardData.swift */ = {isa = PBXFileReference; lastKnownFileType = sourcecode.swift; path = CardData.swift; sourceTree = "<group>"; };
		86A596762ACC3A8D00A0990B /* PlaySound.swift */ = {isa = PBXFileReference; lastKnownFileType = sourcecode.swift; path = PlaySound.swift; sourceTree = "<group>"; };
		86A596782ACC3D9400A0990B /* sound-chime.mp3 */ = {isa = PBXFileReference; lastKnownFileType = audio.mp3; path = "sound-chime.mp3"; sourceTree = "<group>"; };
		86A5997B2ACAA3F300912CB3 /* Learn by Doing.app */ = {isa = PBXFileReference; explicitFileType = wrapper.application; includeInIndex = 0; path = "Learn by Doing.app"; sourceTree = BUILT_PRODUCTS_DIR; };
		86A5997E2ACAA3F300912CB3 /* Learn_by_DoingApp.swift */ = {isa = PBXFileReference; lastKnownFileType = sourcecode.swift; path = Learn_by_DoingApp.swift; sourceTree = "<group>"; };
		86A599802ACAA3F300912CB3 /* ContentView.swift */ = {isa = PBXFileReference; lastKnownFileType = sourcecode.swift; path = ContentView.swift; sourceTree = "<group>"; };
		86A599822ACAA3F500912CB3 /* Assets.xcassets */ = {isa = PBXFileReference; lastKnownFileType = folder.assetcatalog; path = Assets.xcassets; sourceTree = "<group>"; };
		86A599852ACAA3F500912CB3 /* Preview Assets.xcassets */ = {isa = PBXFileReference; lastKnownFileType = folder.assetcatalog; path = "Preview Assets.xcassets"; sourceTree = "<group>"; };
		86AAA65B2ACC7BD600EBB5A1 /* Info.plist */ = {isa = PBXFileReference; lastKnownFileType = text.plist.xml; path = Info.plist; sourceTree = "<group>"; };
		86D568772ACC8A0F0051913D /* stickers.appex */ = {isa = PBXFileReference; explicitFileType = "wrapper.app-extension"; includeInIndex = 0; path = stickers.appex; sourceTree = BUILT_PRODUCTS_DIR; };
		86D568792ACC8A100051913D /* Stickers.xcassets */ = {isa = PBXFileReference; lastKnownFileType = folder.assetcatalog; path = Stickers.xcassets; sourceTree = "<group>"; };
		86D5687B2ACC8A100051913D /* Info.plist */ = {isa = PBXFileReference; lastKnownFileType = text.plist.xml; path = Info.plist; sourceTree = "<group>"; };
/* End PBXFileReference section */

/* Begin PBXFrameworksBuildPhase section */
		86A599782ACAA3F300912CB3 /* Frameworks */ = {
			isa = PBXFrameworksBuildPhase;
			buildActionMask = 2147483647;
			files = (
			);
			runOnlyForDeploymentPostprocessing = 0;
		};
/* End PBXFrameworksBuildPhase section */

/* Begin PBXGroup section */
		86A599722ACAA3F300912CB3 = {
			isa = PBXGroup;
			children = (
				86A5997D2ACAA3F300912CB3 /* Learn by Doing */,
				86D568782ACC8A0F0051913D /* stickers */,
				86A5997C2ACAA3F300912CB3 /* Products */,
			);
			sourceTree = "<group>";
		};
		86A5997C2ACAA3F300912CB3 /* Products */ = {
			isa = PBXGroup;
			children = (
				86A5997B2ACAA3F300912CB3 /* Learn by Doing.app */,
				86D568772ACC8A0F0051913D /* stickers.appex */,
			);
			name = Products;
			sourceTree = "<group>";
		};
		86A5997D2ACAA3F300912CB3 /* Learn by Doing */ = {
			isa = PBXGroup;
			children = (
				86AAA65B2ACC7BD600EBB5A1 /* Info.plist */,
				86A5997E2ACAA3F300912CB3 /* Learn_by_DoingApp.swift */,
				86A596782ACC3D9400A0990B /* sound-chime.mp3 */,
				86A596762ACC3A8D00A0990B /* PlaySound.swift */,
				86A599802ACAA3F300912CB3 /* ContentView.swift */,
				86A596742ACC338000A0990B /* CardData.swift */,
				86A596702ACC244700A0990B /* CardView.swift */,
				86A596722ACC30FB00A0990B /* CardModel.swift */,
				86A5966E2ACC1FD500A0990B /* Launch Screen.storyboard */,
				86A599822ACAA3F500912CB3 /* Assets.xcassets */,
				86A599842ACAA3F500912CB3 /* Preview Content */,
			);
			path = "Learn by Doing";
			sourceTree = "<group>";
		};
		86A599842ACAA3F500912CB3 /* Preview Content */ = {
			isa = PBXGroup;
			children = (
				86A599852ACAA3F500912CB3 /* Preview Assets.xcassets */,
			);
			path = "Preview Content";
			sourceTree = "<group>";
		};
		86D568782ACC8A0F0051913D /* stickers */ = {
			isa = PBXGroup;
			children = (
				86D568792ACC8A100051913D /* Stickers.xcassets */,
				86D5687B2ACC8A100051913D /* Info.plist */,
			);
			path = stickers;
			sourceTree = "<group>";
		};
/* End PBXGroup section */

/* Begin PBXNativeTarget section */
		86A5997A2ACAA3F300912CB3 /* Learn by Doing */ = {
			isa = PBXNativeTarget;
			buildConfigurationList = 86A599892ACAA3F500912CB3 /* Build configuration list for PBXNativeTarget "Learn by Doing" */;
			buildPhases = (
				86A599772ACAA3F300912CB3 /* Sources */,
				86A599782ACAA3F300912CB3 /* Frameworks */,
				86A599792ACAA3F300912CB3 /* Resources */,
				86AAA65F2ACC7BD600EBB5A1 /* Embed Foundation Extensions */,
			);
			buildRules = (
			);
			dependencies = (
				86D5687D2ACC8A100051913D /* PBXTargetDependency */,
			);
			name = "Learn by Doing";
			productName = "Learn by Doing";
			productReference = 86A5997B2ACAA3F300912CB3 /* Learn by Doing.app */;
			productType = "com.apple.product-type.application";
		};
		86D568762ACC8A0F0051913D /* stickers */ = {
			isa = PBXNativeTarget;
			buildConfigurationList = 86D5687F2ACC8A100051913D /* Build configuration list for PBXNativeTarget "stickers" */;
			buildPhases = (
				86D568752ACC8A0F0051913D /* Resources */,
			);
			buildRules = (
			);
			dependencies = (
			);
			name = stickers;
			productName = stickers;
			productReference = 86D568772ACC8A0F0051913D /* stickers.appex */;
			productType = "com.apple.product-type.app-extension.messages-sticker-pack";
		};
/* End PBXNativeTarget section */

/* Begin PBXProject section */
		86A599732ACAA3F300912CB3 /* Project object */ = {
			isa = PBXProject;
			attributes = {
				BuildIndependentTargetsInParallel = 1;
				LastSwiftUpdateCheck = 1430;
				LastUpgradeCheck = 1430;
				TargetAttributes = {
					86A5997A2ACAA3F300912CB3 = {
						CreatedOnToolsVersion = 14.3.1;
					};
					86D568762ACC8A0F0051913D = {
						CreatedOnToolsVersion = 14.3.1;
					};
				};
			};
			buildConfigurationList = 86A599762ACAA3F300912CB3 /* Build configuration list for PBXProject "Learn by Doing" */;
			compatibilityVersion = "Xcode 14.0";
			developmentRegion = en;
			hasScannedForEncodings = 0;
			knownRegions = (
				en,
				Base,
			);
			mainGroup = 86A599722ACAA3F300912CB3;
			productRefGroup = 86A5997C2ACAA3F300912CB3 /* Products */;
			projectDirPath = "";
			projectRoot = "";
			targets = (
				86A5997A2ACAA3F300912CB3 /* Learn by Doing */,
				86D568762ACC8A0F0051913D /* stickers */,
			);
		};
/* End PBXProject section */

/* Begin PBXResourcesBuildPhase section */
		86A599792ACAA3F300912CB3 /* Resources */ = {
			isa = PBXResourcesBuildPhase;
			buildActionMask = 2147483647;
			files = (
				86A5966F2ACC1FD500A0990B /* Launch Screen.storyboard in Resources */,
				86A596792ACC3D9400A0990B /* sound-chime.mp3 in Resources */,
				86A599862ACAA3F500912CB3 /* Preview Assets.xcassets in Resources */,
				86A599832ACAA3F500912CB3 /* Assets.xcassets in Resources */,
			);
			runOnlyForDeploymentPostprocessing = 0;
		};
		86D568752ACC8A0F0051913D /* Resources */ = {
			isa = PBXResourcesBuildPhase;
			buildActionMask = 2147483647;
			files = (
				86D5687A2ACC8A100051913D /* Stickers.xcassets in Resources */,
			);
			runOnlyForDeploymentPostprocessing = 0;
		};
/* End PBXResourcesBuildPhase section */

/* Begin PBXSourcesBuildPhase section */
		86A599772ACAA3F300912CB3 /* Sources */ = {
			isa = PBXSourcesBuildPhase;
			buildActionMask = 2147483647;
			files = (
				86A596752ACC338000A0990B /* CardData.swift in Sources */,
				86A596772ACC3A8D00A0990B /* PlaySound.swift in Sources */,
				86A596712ACC244800A0990B /* CardView.swift in Sources */,
				86A596732ACC30FB00A0990B /* CardModel.swift in Sources */,
				86A599812ACAA3F300912CB3 /* ContentView.swift in Sources */,
				86A5997F2ACAA3F300912CB3 /* Learn_by_DoingApp.swift in Sources */,
			);
			runOnlyForDeploymentPostprocessing = 0;
		};
/* End PBXSourcesBuildPhase section */

/* Begin PBXTargetDependency section */
		86D5687D2ACC8A100051913D /* PBXTargetDependency */ = {
			isa = PBXTargetDependency;
			target = 86D568762ACC8A0F0051913D /* stickers */;
			targetProxy = 86D5687C2ACC8A100051913D /* PBXContainerItemProxy */;
		};
/* End PBXTargetDependency section */

/* Begin XCBuildConfiguration section */
		86A599872ACAA3F500912CB3 /* Debug */ = {
			isa = XCBuildConfiguration;
			buildSettings = {
				ALWAYS_SEARCH_USER_PATHS = NO;
				CLANG_ANALYZER_NONNULL = YES;
				CLANG_ANALYZER_NUMBER_OBJECT_CONVERSION = YES_AGGRESSIVE;
				CLANG_CXX_LANGUAGE_STANDARD = "gnu++20";
				CLANG_ENABLE_MODULES = YES;
				CLANG_ENABLE_OBJC_ARC = YES;
				CLANG_ENABLE_OBJC_WEAK = YES;
				CLANG_WARN_BLOCK_CAPTURE_AUTORELEASING = YES;
				CLANG_WARN_BOOL_CONVERSION = YES;
				CLANG_WARN_COMMA = YES;
				CLANG_WARN_CONSTANT_CONVERSION = YES;
				CLANG_WARN_DEPRECATED_OBJC_IMPLEMENTATIONS = YES;
				CLANG_WARN_DIRECT_OBJC_ISA_USAGE = YES_ERROR;
				CLANG_WARN_DOCUMENTATION_COMMENTS = YES;
				CLANG_WARN_EMPTY_BODY = YES;
				CLANG_WARN_ENUM_CONVERSION = YES;
				CLANG_WARN_INFINITE_RECURSION = YES;
				CLANG_WARN_INT_CONVERSION = YES;
				CLANG_WARN_NON_LITERAL_NULL_CONVERSION = YES;
				CLANG_WARN_OBJC_IMPLICIT_RETAIN_SELF = YES;
				CLANG_WARN_OBJC_LITERAL_CONVERSION = YES;
				CLANG_WARN_OBJC_ROOT_CLASS = YES_ERROR;
				CLANG_WARN_QUOTED_INCLUDE_IN_FRAMEWORK_HEADER = YES;
				CLANG_WARN_RANGE_LOOP_ANALYSIS = YES;
				CLANG_WARN_STRICT_PROTOTYPES = YES;
				CLANG_WARN_SUSPICIOUS_MOVE = YES;
				CLANG_WARN_UNGUARDED_AVAILABILITY = YES_AGGRESSIVE;
				CLANG_WARN_UNREACHABLE_CODE = YES;
				CLANG_WARN__DUPLICATE_METHOD_MATCH = YES;
				COPY_PHASE_STRIP = NO;
				DEBUG_INFORMATION_FORMAT = dwarf;
				ENABLE_STRICT_OBJC_MSGSEND = YES;
				ENABLE_TESTABILITY = YES;
				GCC_C_LANGUAGE_STANDARD = gnu11;
				GCC_DYNAMIC_NO_PIC = NO;
				GCC_NO_COMMON_BLOCKS = YES;
				GCC_OPTIMIZATION_LEVEL = 0;
				GCC_PREPROCESSOR_DEFINITIONS = (
					"DEBUG=1",
					"$(inherited)",
				);
				GCC_WARN_64_TO_32_BIT_CONVERSION = YES;
				GCC_WARN_ABOUT_RETURN_TYPE = YES_ERROR;
				GCC_WARN_UNDECLARED_SELECTOR = YES;
				GCC_WARN_UNINITIALIZED_AUTOS = YES_AGGRESSIVE;
				GCC_WARN_UNUSED_FUNCTION = YES;
				GCC_WARN_UNUSED_VARIABLE = YES;
				IPHONEOS_DEPLOYMENT_TARGET = 16.4;
				MTL_ENABLE_DEBUG_INFO = INCLUDE_SOURCE;
				MTL_FAST_MATH = YES;
				ONLY_ACTIVE_ARCH = YES;
				SDKROOT = iphoneos;
				SWIFT_ACTIVE_COMPILATION_CONDITIONS = DEBUG;
				SWIFT_OPTIMIZATION_LEVEL = "-Onone";
			};
			name = Debug;
		};
		86A599882ACAA3F500912CB3 /* Release */ = {
			isa = XCBuildConfiguration;
			buildSettings = {
				ALWAYS_SEARCH_USER_PATHS = NO;
				CLANG_ANALYZER_NONNULL = YES;
				CLANG_ANALYZER_NUMBER_OBJECT_CONVERSION = YES_AGGRESSIVE;
				CLANG_CXX_LANGUAGE_STANDARD = "gnu++20";
				CLANG_ENABLE_MODULES = YES;
				CLANG_ENABLE_OBJC_ARC = YES;
				CLANG_ENABLE_OBJC_WEAK = YES;
				CLANG_WARN_BLOCK_CAPTURE_AUTORELEASING = YES;
				CLANG_WARN_BOOL_CONVERSION = YES;
				CLANG_WARN_COMMA = YES;
				CLANG_WARN_CONSTANT_CONVERSION = YES;
				CLANG_WARN_DEPRECATED_OBJC_IMPLEMENTATIONS = YES;
				CLANG_WARN_DIRECT_OBJC_ISA_USAGE = YES_ERROR;
				CLANG_WARN_DOCUMENTATION_COMMENTS = YES;
				CLANG_WARN_EMPTY_BODY = YES;
				CLANG_WARN_ENUM_CONVERSION = YES;
				CLANG_WARN_INFINITE_RECURSION = YES;
				CLANG_WARN_INT_CONVERSION = YES;
				CLANG_WARN_NON_LITERAL_NULL_CONVERSION = YES;
				CLANG_WARN_OBJC_IMPLICIT_RETAIN_SELF = YES;
				CLANG_WARN_OBJC_LITERAL_CONVERSION = YES;
				CLANG_WARN_OBJC_ROOT_CLASS = YES_ERROR;
				CLANG_WARN_QUOTED_INCLUDE_IN_FRAMEWORK_HEADER = YES;
				CLANG_WARN_RANGE_LOOP_ANALYSIS = YES;
				CLANG_WARN_STRICT_PROTOTYPES = YES;
				CLANG_WARN_SUSPICIOUS_MOVE = YES;
				CLANG_WARN_UNGUARDED_AVAILABILITY = YES_AGGRESSIVE;
				CLANG_WARN_UNREACHABLE_CODE = YES;
				CLANG_WARN__DUPLICATE_METHOD_MATCH = YES;
				COPY_PHASE_STRIP = NO;
				DEBUG_INFORMATION_FORMAT = "dwarf-with-dsym";
				ENABLE_NS_ASSERTIONS = NO;
				ENABLE_STRICT_OBJC_MSGSEND = YES;
				GCC_C_LANGUAGE_STANDARD = gnu11;
				GCC_NO_COMMON_BLOCKS = YES;
				GCC_WARN_64_TO_32_BIT_CONVERSION = YES;
				GCC_WARN_ABOUT_RETURN_TYPE = YES_ERROR;
				GCC_WARN_UNDECLARED_SELECTOR = YES;
				GCC_WARN_UNINITIALIZED_AUTOS = YES_AGGRESSIVE;
				GCC_WARN_UNUSED_FUNCTION = YES;
				GCC_WARN_UNUSED_VARIABLE = YES;
				IPHONEOS_DEPLOYMENT_TARGET = 16.4;
				MTL_ENABLE_DEBUG_INFO = NO;
				MTL_FAST_MATH = YES;
				SDKROOT = iphoneos;
				SWIFT_COMPILATION_MODE = wholemodule;
				SWIFT_OPTIMIZATION_LEVEL = "-O";
				VALIDATE_PRODUCT = YES;
			};
			name = Release;
		};
		86A5998A2ACAA3F500912CB3 /* Debug */ = {
			isa = XCBuildConfiguration;
			buildSettings = {
				ASSETCATALOG_COMPILER_APPICON_NAME = AppIcon;
				ASSETCATALOG_COMPILER_GLOBAL_ACCENT_COLOR_NAME = AccentColor;
				CODE_SIGN_STYLE = Automatic;
				CURRENT_PROJECT_VERSION = 1;
				DEVELOPMENT_ASSET_PATHS = "\"Learn by Doing/Preview Content\"";
				DEVELOPMENT_TEAM = 95N4T4W665;
				ENABLE_PREVIEWS = YES;
				GENERATE_INFOPLIST_FILE = YES;
				INFOPLIST_FILE = "Learn by Doing/Info.plist";
				INFOPLIST_KEY_UIApplicationSceneManifest_Generation = YES;
				INFOPLIST_KEY_UIApplicationSupportsIndirectInputEvents = YES;
				INFOPLIST_KEY_UILaunchScreen_Generation = YES;
				INFOPLIST_KEY_UISupportedInterfaceOrientations_iPad = "UIInterfaceOrientationPortrait UIInterfaceOrientationPortraitUpsideDown UIInterfaceOrientationLandscapeLeft UIInterfaceOrientationLandscapeRight";
				INFOPLIST_KEY_UISupportedInterfaceOrientations_iPhone = "UIInterfaceOrientationPortrait UIInterfaceOrientationLandscapeLeft UIInterfaceOrientationLandscapeRight";
				LD_RUNPATH_SEARCH_PATHS = (
					"$(inherited)",
					"@executable_path/Frameworks",
				);
				MARKETING_VERSION = 1.0;
				PRODUCT_BUNDLE_IDENTIFIER = "com.narayanan.Learn-by-Doing";
				PRODUCT_NAME = "$(TARGET_NAME)";
				SWIFT_EMIT_LOC_STRINGS = YES;
				SWIFT_VERSION = 5.0;
				TARGETED_DEVICE_FAMILY = "1,2";
			};
			name = Debug;
		};
		86A5998B2ACAA3F500912CB3 /* Release */ = {
			isa = XCBuildConfiguration;
			buildSettings = {
				ASSETCATALOG_COMPILER_APPICON_NAME = AppIcon;
				ASSETCATALOG_COMPILER_GLOBAL_ACCENT_COLOR_NAME = AccentColor;
				CODE_SIGN_STYLE = Automatic;
				CURRENT_PROJECT_VERSION = 1;
				DEVELOPMENT_ASSET_PATHS = "\"Learn by Doing/Preview Content\"";
				DEVELOPMENT_TEAM = 95N4T4W665;
				ENABLE_PREVIEWS = YES;
				GENERATE_INFOPLIST_FILE = YES;
				INFOPLIST_FILE = "Learn by Doing/Info.plist";
				INFOPLIST_KEY_UIApplicationSceneManifest_Generation = YES;
				INFOPLIST_KEY_UIApplicationSupportsIndirectInputEvents = YES;
				INFOPLIST_KEY_UILaunchScreen_Generation = YES;
				INFOPLIST_KEY_UISupportedInterfaceOrientations_iPad = "UIInterfaceOrientationPortrait UIInterfaceOrientationPortraitUpsideDown UIInterfaceOrientationLandscapeLeft UIInterfaceOrientationLandscapeRight";
				INFOPLIST_KEY_UISupportedInterfaceOrientations_iPhone = "UIInterfaceOrientationPortrait UIInterfaceOrientationLandscapeLeft UIInterfaceOrientationLandscapeRight";
				LD_RUNPATH_SEARCH_PATHS = (
					"$(inherited)",
					"@executable_path/Frameworks",
				);
				MARKETING_VERSION = 1.0;
				PRODUCT_BUNDLE_IDENTIFIER = "com.narayanan.Learn-by-Doing";
				PRODUCT_NAME = "$(TARGET_NAME)";
				SWIFT_EMIT_LOC_STRINGS = YES;
				SWIFT_VERSION = 5.0;
				TARGETED_DEVICE_FAMILY = "1,2";
			};
			name = Release;
		};
		86D568802ACC8A100051913D /* Debug */ = {
			isa = XCBuildConfiguration;
			buildSettings = {
				ASSETCATALOG_COMPILER_APPICON_NAME = "iMessage App Icon";
				CODE_SIGN_STYLE = Automatic;
				CURRENT_PROJECT_VERSION = 1;
				DEVELOPMENT_TEAM = 95N4T4W665;
				GENERATE_INFOPLIST_FILE = YES;
				INFOPLIST_FILE = stickers/Info.plist;
				MARKETING_VERSION = 1.0;
				PRODUCT_BUNDLE_IDENTIFIER = "com.narayanan.Learn-by-Doing.stickers";
				PRODUCT_NAME = "$(TARGET_NAME)";
				SKIP_INSTALL = YES;
				SWIFT_EMIT_LOC_STRINGS = YES;
				TARGETED_DEVICE_FAMILY = "1,2";
			};
			name = Debug;
		};
		86D568812ACC8A100051913D /* Release */ = {
			isa = XCBuildConfiguration;
			buildSettings = {
				ASSETCATALOG_COMPILER_APPICON_NAME = "iMessage App Icon";
				CODE_SIGN_STYLE = Automatic;
				CURRENT_PROJECT_VERSION = 1;
				DEVELOPMENT_TEAM = 95N4T4W665;
				GENERATE_INFOPLIST_FILE = YES;
				INFOPLIST_FILE = stickers/Info.plist;
				MARKETING_VERSION = 1.0;
				PRODUCT_BUNDLE_IDENTIFIER = "com.narayanan.Learn-by-Doing.stickers";
				PRODUCT_NAME = "$(TARGET_NAME)";
				SKIP_INSTALL = YES;
				SWIFT_EMIT_LOC_STRINGS = YES;
				TARGETED_DEVICE_FAMILY = "1,2";
			};
			name = Release;
		};
/* End XCBuildConfiguration section */

/* Begin XCConfigurationList section */
		86A599762ACAA3F300912CB3 /* Build configuration list for PBXProject "Learn by Doing" */ = {
			isa = XCConfigurationList;
			buildConfigurations = (
				86A599872ACAA3F500912CB3 /* Debug */,
				86A599882ACAA3F500912CB3 /* Release */,
			);
			defaultConfigurationIsVisible = 0;
			defaultConfigurationName = Release;
		};
		86A599892ACAA3F500912CB3 /* Build configuration list for PBXNativeTarget "Learn by Doing" */ = {
			isa = XCConfigurationList;
			buildConfigurations = (
				86A5998A2ACAA3F500912CB3 /* Debug */,
				86A5998B2ACAA3F500912CB3 /* Release */,
			);
			defaultConfigurationIsVisible = 0;
			defaultConfigurationName = Release;
		};
		86D5687F2ACC8A100051913D /* Build configuration list for PBXNativeTarget "stickers" */ = {
			isa = XCConfigurationList;
			buildConfigurations = (
				86D568802ACC8A100051913D /* Debug */,
				86D568812ACC8A100051913D /* Release */,
			);
			defaultConfigurationIsVisible = 0;
			defaultConfigurationName = Release;
		};
/* End XCConfigurationList section */
	};
	rootObject = 86A599732ACAA3F300912CB3 /* Project object */;
}
